<Solution>
  <Folder Name="/src/">
    <Project Path="src/SmartDockGroups.App/SmartDockGroups.App.csproj" />
    <Project Path="src/SmartDockGroups.Core/SmartDockGroups.Core.csproj" />
  </Folder>
  <Folder Name="/tests/">
    <Project Path="tests/SmartDockGroups.Tests/SmartDockGroups.Tests.csproj" />
    <Project Path="tests/GroupProbe/GroupProbe.csproj" />
  </Folder>
</Solution>
